
Microsoft Visual Studio Solution File, Format Version 12.00
# Visual Studio Version 17
VisualStudioVersion = 17.3.32901.215
MinimumVisualStudioVersion = 10.0.40219.1
Project("{9A19103F-16F7-4668-BE54-9A1E7A4F7556}") = "ACM.BL", "ACM.BL\ACM.BL.csproj", "{BB5D856C-D998-4EFF-B30A-D2AEB19AF454}"
EndProject
Project("{2150E333-8FDC-42A3-9474-1A3956D46DE8}") = "Tests", "Tests", "{115E2662-8A73-4358-A635-A624F7A66968}"
EndProject
Global
	GlobalSection(SolutionConfigurationPlatforms) = preSolution
		Debug|Any CPU = Debug|Any CPU
		Release|Any CPU = Release|Any CPU
	EndGlobalSection
	GlobalSection(ProjectConfigurationPlatforms) = postSolution
		{BB5D856C-D998-4EFF-B30A-D2AEB19AF454}.Debug|Any CPU.ActiveCfg = Debug|Any CPU
		{BB5D856C-D998-4EFF-B30A-D2AEB19AF454}.Debug|Any CPU.Build.0 = Debug|Any CPU
		{BB5D856C-D998-4EFF-B30A-D2AEB19AF454}.Release|Any CPU.ActiveCfg = Release|Any CPU
		{BB5D856C-D998-4EFF-B30A-D2AEB19AF454}.Release|Any CPU.Build.0 = Release|Any CPU
	EndGlobalSection
	GlobalSection(SolutionProperties) = preSolution
		HideSolutionNode = FALSE
	EndGlobalSection
	GlobalSection(ExtensibilityGlobals) = postSolution
		SolutionGuid = {8EBF53BD-DAA1-4CFF-9721-E83456BAB53C}
	EndGlobalSection
EndGlobal
